<?xml version="1.0" encoding="utf-8"?>
<Project ToolsVersion="4.0" xmlns="http://schemas.microsoft.com/developer/msbuild/2003">
  <ItemGroup>
    <Filter Include="Model">
      <UniqueIdentifier>{C479FF71-FAA8-4A74-B409-9D82CCD72F8C}</UniqueIdentifier>
    </Filter>
    <Filter Include="UI">
      <UniqueIdentifier>{007d976c-46a6-4e82-8a4f-26f01f4e352b}</UniqueIdentifier>
    </Filter>
    <Filter Include="Engine">
      <UniqueIdentifier>{255a264b-206c-4aee-8cb9-c941d589b381}</UniqueIdentifier>
    </Filter>
  </ItemGroup>
  <ItemGroup>
    <ClInclude Include="Model\Module.h">
      <Filter>Model</Filter>
    </ClInclude>
    <ClInclude Include="Model\Graph.h">
      <Filter>Model</Filter>
    </ClInclude>
    <ClInclude Include="Model\Engine.h">
      <Filter>Model</Filter>
    </ClInclude>
    <ClInclude Include="Model\ModuleTypes.h">
      <Filter>Model</Filter>
    </ClInclude>
    <ClInclude Include="Model\Defs.h">
      <Filter>Model</Filter>
    </ClInclude>
    <ClInclude Include="Model\Geometry.h">
      <Filter>Model</Filter>
    </ClInclude>
    <ClInclude Include="stdafx.h" />
    <ClInclude Include="Exporter.h" />
    <ClInclude Include="Command.h" />
    <ClInclude Include="CommandStack.h" />
    <ClInclude Include="Controller.h">
      <Filter>UI</Filter>
    </ClInclude>
    <ClInclude Include="ModuleIkon.h">
      <Filter>UI</Filter>
    </ClInclude>
    <ClInclude Include="Enums.h">
      <Filter>UI</Filter>
    </ClInclude>
    <ClInclude Include="MIDIExporter.h" />
    <ClInclude Include="Types.h" />
    <ClInclude Include="Model\ValueTypes.h">
      <Filter>Model</Filter>
    </ClInclude>
    <ClInclude Include="View.h">
      <Filter>UI</Filter>
    </ClInclude>
    <ClInclude Include="Model\Notification.h">
      <Filter>Model</Filter>
    </ClInclude>
    <ClInclude Include="..\Engine\ArpeggiatorModule.h">
      <Filter>Engine</Filter>
    </ClInclude>
    <ClInclude Include="..\Engine\Array.h">
      <Filter>Engine</Filter>
    </ClInclude>
    <ClInclude Include="..\Engine\Common.h">
      <Filter>Engine</Filter>
    </ClInclude>
    <ClInclude Include="..\Engine\Config.h">
      <Filter>Engine</Filter>
    </ClInclude>
    <ClInclude Include="..\Engine\DelayModule.h">
      <Filter>Engine</Filter>
    </ClInclude>
    <ClInclude Include="..\Engine\EnvelopeModule.h">
      <Filter>Engine</Filter>
    </ClInclude>
    <ClInclude Include="..\Engine\FilterModule.h">
      <Filter>Engine</Filter>
    </ClInclude>
    <ClInclude Include="..\Engine\Graph.h">
      <Filter>Engine</Filter>
    </ClInclude>
    <ClInclude Include="..\Engine\Input.h">
      <Filter>Engine</Filter>
    </ClInclude>
    <ClInclude Include="..\Engine\LFOModule.h">
      <Filter>Engine</Filter>
    </ClInclude>
    <ClInclude Include="..\Engine\MIDIData.h">
      <Filter>Engine</Filter>
    </ClInclude>
    <ClInclude Include="..\Engine\MIDIModule.h">
      <Filter>Engine</Filter>
    </ClInclude>
    <ClInclude Include="..\Engine\MixerModule.h">
      <Filter>Engine</Filter>
    </ClInclude>
    <ClInclude Include="..\Engine\Module.h">
      <Filter>Engine</Filter>
    </ClInclude>
    <ClInclude Include="..\Engine\OscillatorModule.h">
      <Filter>Engine</Filter>
    </ClInclude>
    <ClInclude Include="..\Engine\OutputModule.h">
      <Filter>Engine</Filter>
    </ClInclude>
    <ClInclude Include="..\Engine\PolyMixerModule.h">
      <Filter>Engine</Filter>
    </ClInclude>
    <ClInclude Include="..\Engine\Sine.h">
      <Filter>Engine</Filter>
    </ClInclude>
    <ClInclude Include="..\Engine\Types.h">
      <Filter>Engine</Filter>
    </ClInclude>
    <ClInclude Include="..\Engine\Util.h">
      <Filter>Engine</Filter>
    </ClInclude>
    <ClInclude Include="..\Engine\Platform.h">
      <Filter>Engine</Filter>
    </ClInclude>
    <ClInclude Include="..\Engine\MathsModule.h">
      <Filter>Engine</Filter>
    </ClInclude>
    <ClInclude Include="..\Engine\MultiplyModule.h">
      <Filter>Engine</Filter>
    </ClInclude>
    <ClInclude Include="..\Engine\KnobModule.h">
      <Filter>Engine</Filter>
    </ClInclude>
    <ClInclude Include="Player.h" />
  </ItemGroup>
  <ItemGroup>
    <ClCompile Include="Model\Module.cpp">
      <Filter>Model</Filter>
    </ClCompile>
    <ClCompile Include="Model\Graph.cpp">
      <Filter>Model</Filter>
    </ClCompile>
    <ClCompile Include="Model\ModuleTypes.cpp">
      <Filter>Model</Filter>
    </ClCompile>
    <ClCompile Include="Model\Geometry.cpp">
      <Filter>Model</Filter>
    </ClCompile>
    <ClCompile Include="stdafx.cpp" />
    <ClCompile Include="Exporter.cpp" />
    <ClCompile Include="Command.cpp" />
    <ClCompile Include="CommandStack.cpp" />
    <ClCompile Include="Controller.cpp">
      <Filter>UI</Filter>
    </ClCompile>
    <ClCompile Include="ModuleIkon.cpp">
      <Filter>UI</Filter>
    </ClCompile>
    <ClCompile Include="MIDIExporter.cpp" />
    <ClCompile Include="Model\ValueTypes.cpp">
      <Filter>Model</Filter>
    </ClCompile>
    <ClCompile Include="..\Engine\ArpeggiatorModule.cpp">
      <Filter>Engine</Filter>
    </ClCompile>
    <ClCompile Include="..\Engine\Config.cpp">
      <Filter>Engine</Filter>
    </ClCompile>
    <ClCompile Include="..\Engine\DelayModule.cpp">
      <Filter>Engine</Filter>
    </ClCompile>
    <ClCompile Include="..\Engine\EnvelopeModule.cpp">
      <Filter>Engine</Filter>
    </ClCompile>
    <ClCompile Include="..\Engine\FilterModule.cpp">
      <Filter>Engine</Filter>
    </ClCompile>
    <ClCompile Include="..\Engine\Graph.cpp">
      <Filter>Engine</Filter>
    </ClCompile>
    <ClCompile Include="..\Engine\Input.cpp">
      <Filter>Engine</Filter>
    </ClCompile>
    <ClCompile Include="..\Engine\LFOModule.cpp">
      <Filter>Engine</Filter>
    </ClCompile>
    <ClCompile Include="..\Engine\MIDIData.cpp">
      <Filter>Engine</Filter>
    </ClCompile>
    <ClCompile Include="..\Engine\MIDIModule.cpp">
      <Filter>Engine</Filter>
    </ClCompile>
    <ClCompile Include="..\Engine\MixerModule.cpp">
      <Filter>Engine</Filter>
    </ClCompile>
    <ClCompile Include="..\Engine\Module.cpp">
      <Filter>Engine</Filter>
    </ClCompile>
    <ClCompile Include="..\Engine\OscillatorModule.cpp">
      <Filter>Engine</Filter>
    </ClCompile>
    <ClCompile Include="..\Engine\OutputModule.cpp">
      <Filter>Engine</Filter>
    </ClCompile>
    <ClCompile Include="..\Engine\PolyMixerModule.cpp">
      <Filter>Engine</Filter>
    </ClCompile>
    <ClCompile Include="..\Engine\Platform.cpp">
      <Filter>Engine</Filter>
    </ClCompile>
    <ClCompile Include="..\Engine\Engine.ino">
      <Filter>Engine</Filter>
    </ClCompile>
    <ClCompile Include="..\Engine\MathsModule.cpp">
      <Filter>Engine</Filter>
    </ClCompile>
    <ClCompile Include="..\Engine\MultiplyModule.cpp">
      <Filter>Engine</Filter>
    </ClCompile>
    <ClCompile Include="..\Engine\KnobModule.cpp">
      <Filter>Engine</Filter>
    </ClCompile>
    <ClCompile Include="Player.cpp" />
  </ItemGroup>
</Project>