<?xml version="1.0" encoding="utf-8"?>
<Project ToolsVersion="4.0" xmlns="http://schemas.microsoft.com/developer/msbuild/2003">
  <ItemGroup>
    <Filter Include="Model">
      <UniqueIdentifier>{C479FF71-FAA8-4A74-B409-9D82CCD72F8C}</UniqueIdentifier>
    </Filter>
    <Filter Include="UI">
      <UniqueIdentifier>{007d976c-46a6-4e82-8a4f-26f01f4e352b}</UniqueIdentifier>
    </Filter>
  </ItemGroup>
  <ItemGroup>
    <ClInclude Include="Model\Module.h">
      <Filter>Model</Filter>
    </ClInclude>
    <ClInclude Include="Model\Graph.h">
      <Filter>Model</Filter>
    </ClInclude>
    <ClInclude Include="Model\Engine.h">
      <Filter>Model</Filter>
    </ClInclude>
    <ClInclude Include="Model\ModuleTypes.h">
      <Filter>Model</Filter>
    </ClInclude>
    <ClInclude Include="Model\Defs.h">
      <Filter>Model</Filter>
    </ClInclude>
    <ClInclude Include="Model\Geometry.h">
      <Filter>Model</Filter>
    </ClInclude>
    <ClInclude Include="stdafx.h" />
    <ClInclude Include="Exporter.h" />
    <ClInclude Include="Command.h" />
    <ClInclude Include="CommandStack.h" />
    <ClInclude Include="Controller.h">
      <Filter>UI</Filter>
    </ClInclude>
    <ClInclude Include="ModuleIkon.h">
      <Filter>UI</Filter>
    </ClInclude>
    <ClInclude Include="Enums.h">
      <Filter>UI</Filter>
    </ClInclude>
  </ItemGroup>
  <ItemGroup>
    <ClCompile Include="Model\Module.cpp">
      <Filter>Model</Filter>
    </ClCompile>
    <ClCompile Include="Model\Graph.cpp">
      <Filter>Model</Filter>
    </ClCompile>
    <ClCompile Include="Model\ModuleTypes.cpp">
      <Filter>Model</Filter>
    </ClCompile>
    <ClCompile Include="Model\Geometry.cpp">
      <Filter>Model</Filter>
    </ClCompile>
    <ClCompile Include="stdafx.cpp" />
    <ClCompile Include="Exporter.cpp" />
    <ClCompile Include="Command.cpp" />
    <ClCompile Include="CommandStack.cpp" />
    <ClCompile Include="Controller.cpp">
      <Filter>UI</Filter>
    </ClCompile>
    <ClCompile Include="ModuleIkon.cpp">
      <Filter>UI</Filter>
    </ClCompile>
  </ItemGroup>
</Project>