<?xml version="1.0" encoding="utf-8"?>
<Project ToolsVersion="4.0" xmlns="http://schemas.microsoft.com/developer/msbuild/2003">
  <ItemGroup>
    <Filter Include="Resource Files">
      <UniqueIdentifier>{67DA6AB6-F800-4c08-8B7A-83BB121AAD01}</UniqueIdentifier>
      <Extensions>rc;ico;cur;bmp;dlg;rc2;rct;bin;rgs;gif;jpg;jpeg;jpe;resx;tiff;tif;png;wav;mfcribbon-ms</Extensions>
    </Filter>
    <Filter Include="Windows">
      <UniqueIdentifier>{4FC737F1-C7A5-4376-A066-2A32D752A2FF}</UniqueIdentifier>
      <Extensions>cpp;c;cc;cxx;def;odl;idl;hpj;bat;asm;asmx</Extensions>
    </Filter>
  </ItemGroup>
  <ItemGroup>
    <ClInclude Include="FileView.h">
      <Filter>Windows</Filter>
    </ClInclude>
    <ClInclude Include="MainFrm.h">
      <Filter>Windows</Filter>
    </ClInclude>
    <ClInclude Include="OutputWnd.h">
      <Filter>Windows</Filter>
    </ClInclude>
    <ClInclude Include="PropertiesWnd.h">
      <Filter>Windows</Filter>
    </ClInclude>
    <ClInclude Include="Resource.h">
      <Filter>Windows</Filter>
    </ClInclude>
    <ClInclude Include="stdafx.h">
      <Filter>Windows</Filter>
    </ClInclude>
    <ClInclude Include="SynthEditor.h">
      <Filter>Windows</Filter>
    </ClInclude>
    <ClInclude Include="SynthEditorDoc.h">
      <Filter>Windows</Filter>
    </ClInclude>
    <ClInclude Include="SynthEditorView.h">
      <Filter>Windows</Filter>
    </ClInclude>
    <ClInclude Include="targetver.h">
      <Filter>Windows</Filter>
    </ClInclude>
    <ClInclude Include="ViewTree.h">
      <Filter>Windows</Filter>
    </ClInclude>
    <ClInclude Include="Serial.h">
      <Filter>Windows</Filter>
    </ClInclude>
  </ItemGroup>
  <ItemGroup>
    <ClCompile Include="SynthEditor.cpp">
      <Filter>Windows</Filter>
    </ClCompile>
    <ClCompile Include="stdafx.cpp">
      <Filter>Windows</Filter>
    </ClCompile>
    <ClCompile Include="MainFrm.cpp">
      <Filter>Windows</Filter>
    </ClCompile>
    <ClCompile Include="SynthEditorDoc.cpp">
      <Filter>Windows</Filter>
    </ClCompile>
    <ClCompile Include="SynthEditorView.cpp">
      <Filter>Windows</Filter>
    </ClCompile>
    <ClCompile Include="FileView.cpp">
      <Filter>Windows</Filter>
    </ClCompile>
    <ClCompile Include="ViewTree.cpp">
      <Filter>Windows</Filter>
    </ClCompile>
    <ClCompile Include="OutputWnd.cpp">
      <Filter>Windows</Filter>
    </ClCompile>
    <ClCompile Include="PropertiesWnd.cpp">
      <Filter>Windows</Filter>
    </ClCompile>
    <ClCompile Include="Serial.cpp">
      <Filter>Windows</Filter>
    </ClCompile>
  </ItemGroup>
  <ItemGroup>
    <ResourceCompile Include="SynthEditor.rc">
      <Filter>Resource Files</Filter>
    </ResourceCompile>
  </ItemGroup>
  <ItemGroup>
    <Image Include="res\file_view_hc.ico">
      <Filter>Resource Files</Filter>
    </Image>
    <Image Include="res\fileview_hc.bmp">
      <Filter>Resource Files</Filter>
    </Image>
    <Image Include="res\explorer_hc.bmp">
      <Filter>Resource Files</Filter>
    </Image>
    <Image Include="res\sort_hc.bmp">
      <Filter>Resource Files</Filter>
    </Image>
    <Image Include="res\menuimages_hc.bmp">
      <Filter>Resource Files</Filter>
    </Image>
    <Image Include="res\output_wnd_hc.ico">
      <Filter>Resource Files</Filter>
    </Image>
    <Image Include="res\properties_wnd_hc.ico">
      <Filter>Resource Files</Filter>
    </Image>
    <Image Include="res\properties_hc.bmp">
      <Filter>Resource Files</Filter>
    </Image>
    <Image Include="res\SynthEditorDoc.ico">
      <Filter>Resource Files</Filter>
    </Image>
    <Image Include="res\SynthEditor.ico">
      <Filter>Resource Files</Filter>
    </Image>
    <Image Include="res\Toolbar256.bmp">
      <Filter>Resource Files</Filter>
    </Image>
    <Image Include="res\explorer.bmp">
      <Filter>Resource Files</Filter>
    </Image>
    <Image Include="res\properties.bmp">
      <Filter>Resource Files</Filter>
    </Image>
  </ItemGroup>
  <ItemGroup>
    <None Include="res\SynthEditor.rc2">
      <Filter>Resource Files</Filter>
    </None>
  </ItemGroup>
</Project>